
Microsoft Visual Studio Solution File, Format Version 11.00
# Visual Studio 2010
Project("{FAE04EC0-301F-11D3-BF4B-00C04F79EFBC}") = "Assembly-CSharp", "Assembly-CSharp.csproj", "{f15a39e9-56b1-85ee-bb97-3037ad94d791}"
EndProject
Project("{FAE04EC0-301F-11D3-BF4B-00C04F79EFBC}") = "Assembly-CSharp-Editor", "Assembly-CSharp-Editor.csproj", "{21f6f371-e530-b43d-28ef-7a38f2712e45}"
EndProject
Global
	GlobalSection(SolutionConfigurationPlatforms) = preSolution
		Debug|Any CPU = Debug|Any CPU
	EndGlobalSection
	GlobalSection(ProjectConfigurationPlatforms) = postSolution
		{f15a39e9-56b1-85ee-bb97-3037ad94d791}.Debug|Any CPU.ActiveCfg = Debug|Any CPU
		{f15a39e9-56b1-85ee-bb97-3037ad94d791}.Debug|Any CPU.Build.0 = Debug|Any CPU
		{21f6f371-e530-b43d-28ef-7a38f2712e45}.Debug|Any CPU.ActiveCfg = Debug|Any CPU
		{21f6f371-e530-b43d-28ef-7a38f2712e45}.Debug|Any CPU.Build.0 = Debug|Any CPU
	EndGlobalSection
	GlobalSection(SolutionProperties) = preSolution
		HideSolutionNode = FALSE
	EndGlobalSection
EndGlobal
